
Microsoft Visual Studio Solution File, Format Version 12.00
# Visual Studio Version 16
VisualStudioVersion = 16.0.30204.135
MinimumVisualStudioVersion = 10.0.40219.1
Project("{FAE04EC0-301F-11D3-BF4B-00C04F79EFBC}") = "Delphos", "Delphos\Delphos.csproj", "{B5290456-D6F7-4BC8-B7F5-DE8CA2151778}"
EndProject
Global
	GlobalSection(SolutionConfigurationPlatforms) = preSolution
		Debug|Any CPU = Debug|Any CPU
		Release|Any CPU = Release|Any CPU
	EndGlobalSection
	GlobalSection(ProjectConfigurationPlatforms) = postSolution
		{B5290456-D6F7-4BC8-B7F5-DE8CA2151778}.Debug|Any CPU.ActiveCfg = Debug|Any CPU
		{B5290456-D6F7-4BC8-B7F5-DE8CA2151778}.Debug|Any CPU.Build.0 = Debug|Any CPU
		{B5290456-D6F7-4BC8-B7F5-DE8CA2151778}.Release|Any CPU.ActiveCfg = Release|Any CPU
		{B5290456-D6F7-4BC8-B7F5-DE8CA2151778}.Release|Any CPU.Build.0 = Release|Any CPU
	EndGlobalSection
	GlobalSection(SolutionProperties) = preSolution
		HideSolutionNode = FALSE
	EndGlobalSection
	GlobalSection(ExtensibilityGlobals) = postSolution
		SolutionGuid = {D7B34921-235A-4F16-A12F-B72E25E5E136}
	EndGlobalSection
EndGlobal
